
Microsoft Visual Studio Solution File, Format Version 12.00
# Visual Studio Version 17
VisualStudioVersion = 17.2.32616.157
MinimumVisualStudioVersion = 10.0.40219.1
Project("{8BC9CEB8-8B4A-11D0-8D11-00A0C91BC942}") = "day0629", "day0629\day0629.vcxproj", "{164BE176-2513-4418-B9D0-DCA792085FA9}"
EndProject
Global
	GlobalSection(SolutionConfigurationPlatforms) = preSolution
		Debug|x64 = Debug|x64
		Debug|x86 = Debug|x86
		Release|x64 = Release|x64
		Release|x86 = Release|x86
	EndGlobalSection
	GlobalSection(ProjectConfigurationPlatforms) = postSolution
		{164BE176-2513-4418-B9D0-DCA792085FA9}.Debug|x64.ActiveCfg = Debug|x64
		{164BE176-2513-4418-B9D0-DCA792085FA9}.Debug|x64.Build.0 = Debug|x64
		{164BE176-2513-4418-B9D0-DCA792085FA9}.Debug|x86.ActiveCfg = Debug|Win32
		{164BE176-2513-4418-B9D0-DCA792085FA9}.Debug|x86.Build.0 = Debug|Win32
		{164BE176-2513-4418-B9D0-DCA792085FA9}.Release|x64.ActiveCfg = Release|x64
		{164BE176-2513-4418-B9D0-DCA792085FA9}.Release|x64.Build.0 = Release|x64
		{164BE176-2513-4418-B9D0-DCA792085FA9}.Release|x86.ActiveCfg = Release|Win32
		{164BE176-2513-4418-B9D0-DCA792085FA9}.Release|x86.Build.0 = Release|Win32
	EndGlobalSection
	GlobalSection(SolutionProperties) = preSolution
		HideSolutionNode = FALSE
	EndGlobalSection
	GlobalSection(ExtensibilityGlobals) = postSolution
		SolutionGuid = {E4DCDC23-3876-4AF6-A930-C43051068884}
	EndGlobalSection
EndGlobal
